{
  "name": "meituan_auto_examine",
  "lockfileVersion": 2,
  "requires": true,
  "packages": {
    "": {
      "dependencies": {
        "axios": "^0.21.1",
        "vue": "^2.6.14",
        "vue-cookies": "^1.7.4"
      }
    },
    "node_modules/axios": {
      "version": "0.21.1",
      "resolved": "https://registry.npm.taobao.org/axios/download/axios-0.21.1.tgz?cache=0&sync_timestamp=1608611475093&other_urls=https%3A%2F%2Fregistry.npm.taobao.org%2Faxios%2Fdownload%2Faxios-0.21.1.tgz",
      "integrity": "sha1-IlY0gZYvTWvemnbVFu8OXTwJsrg=",
      "dependencies": {
        "follow-redirects": "^1.10.0"
      }
    },
    "node_modules/follow-redirects": {
      "version": "1.14.1",
      "resolved": "https://registry.nlark.com/follow-redirects/download/follow-redirects-1.14.1.tgz?cache=0&sync_timestamp=1620555246888&other_urls=https%3A%2F%2Fregistry.nlark.com%2Ffollow-redirects%2Fdownload%2Ffollow-redirects-1.14.1.tgz",
      "integrity": "sha1-2RFN7Qoc/dM04WTmZirQK/2R/0M=",
      "engines": {
        "node": ">=4.0"
      }
    },
    "node_modules/vue": {
      "version": "2.6.14",
      "resolved": "https://registry.nlark.com/vue/download/vue-2.6.14.tgz?cache=0&other_urls=https%3A%2F%2Fregistry.nlark.com%2Fvue%2Fdownload%2Fvue-2.6.14.tgz",
      "integrity": "sha1-5RqlJQJQ1Wmj+606ilpofWA24jU="
    },
    "node_modules/vue-cookies": {
      "version": "1.7.4",
      "resolved": "https://registry.npm.taobao.org/vue-cookies/download/vue-cookies-1.7.4.tgz",
      "integrity": "sha1-0kHQoEMdoHlYN2UdELTXPnyNPo0="
    }
  },
  "dependencies": {
    "axios": {
      "version": "0.21.1",
      "resolved": "https://registry.npm.taobao.org/axios/download/axios-0.21.1.tgz?cache=0&sync_timestamp=1608611475093&other_urls=https%3A%2F%2Fregistry.npm.taobao.org%2Faxios%2Fdownload%2Faxios-0.21.1.tgz",
      "integrity": "sha1-IlY0gZYvTWvemnbVFu8OXTwJsrg=",
      "requires": {
        "follow-redirects": "^1.10.0"
      }
    },
    "follow-redirects": {
      "version": "1.14.1",
      "resolved": "https://registry.nlark.com/follow-redirects/download/follow-redirects-1.14.1.tgz?cache=0&sync_timestamp=1620555246888&other_urls=https%3A%2F%2Fregistry.nlark.com%2Ffollow-redirects%2Fdownload%2Ffollow-redirects-1.14.1.tgz",
      "integrity": "sha1-2RFN7Qoc/dM04WTmZirQK/2R/0M="
    },
    "vue": {
      "version": "2.6.14",
      "resolved": "https://registry.nlark.com/vue/download/vue-2.6.14.tgz?cache=0&other_urls=https%3A%2F%2Fregistry.nlark.com%2Fvue%2Fdownload%2Fvue-2.6.14.tgz",
      "integrity": "sha1-5RqlJQJQ1Wmj+606ilpofWA24jU="
    },
    "vue-cookies": {
      "version": "1.7.4",
      "resolved": "https://registry.npm.taobao.org/vue-cookies/download/vue-cookies-1.7.4.tgz",
      "integrity": "sha1-0kHQoEMdoHlYN2UdELTXPnyNPo0="
    }
  }
}
